
Microsoft Visual Studio Solution File, Format Version 12.00
# Visual Studio Version 16
VisualStudioVersion = 16.0.29613.14
MinimumVisualStudioVersion = 10.0.40219.1
Project("{FAE04EC0-301F-11D3-BF4B-00C04F79EFBC}") = "CurrencyConverter", "CurrencyConverter\CurrencyConverter.csproj", "{A23E48EE-3B26-4068-8457-F8B112D0BE70}"
EndProject
Global
	GlobalSection(SolutionConfigurationPlatforms) = preSolution
		Debug|Any CPU = Debug|Any CPU
		Release|Any CPU = Release|Any CPU
	EndGlobalSection
	GlobalSection(ProjectConfigurationPlatforms) = postSolution
		{A23E48EE-3B26-4068-8457-F8B112D0BE70}.Debug|Any CPU.ActiveCfg = Debug|Any CPU
		{A23E48EE-3B26-4068-8457-F8B112D0BE70}.Debug|Any CPU.Build.0 = Debug|Any CPU
		{A23E48EE-3B26-4068-8457-F8B112D0BE70}.Release|Any CPU.ActiveCfg = Release|Any CPU
		{A23E48EE-3B26-4068-8457-F8B112D0BE70}.Release|Any CPU.Build.0 = Release|Any CPU
	EndGlobalSection
	GlobalSection(SolutionProperties) = preSolution
		HideSolutionNode = FALSE
	EndGlobalSection
	GlobalSection(ExtensibilityGlobals) = postSolution
		SolutionGuid = {89229C1F-32B1-4C8F-B51F-1D4D0F2FDEF7}
	EndGlobalSection
EndGlobal
